
Microsoft Visual Studio Solution File, Format Version 12.00
# Visual Studio Version 17
VisualStudioVersion = 17.0.31903.59
MinimumVisualStudioVersion = 10.0.40219.1
Project("{FAE04EC0-301F-11D3-BF4B-00C04F79EFBC}") = "Threads", "Threads\Threads.csproj", "{B7DD2305-ECB0-4EE1-BFBC-951E2D833F4E}"
EndProject
Project("{FAE04EC0-301F-11D3-BF4B-00C04F79EFBC}") = "FrogRace", "FrogRace\FrogRace.csproj", "{8BA78884-D5B6-4C01-96B5-76FE95267752}"
EndProject
Global
	GlobalSection(SolutionConfigurationPlatforms) = preSolution
		Debug|Any CPU = Debug|Any CPU
		Release|Any CPU = Release|Any CPU
	EndGlobalSection
	GlobalSection(SolutionProperties) = preSolution
		HideSolutionNode = FALSE
	EndGlobalSection
	GlobalSection(ProjectConfigurationPlatforms) = postSolution
		{B7DD2305-ECB0-4EE1-BFBC-951E2D833F4E}.Debug|Any CPU.ActiveCfg = Debug|Any CPU
		{B7DD2305-ECB0-4EE1-BFBC-951E2D833F4E}.Debug|Any CPU.Build.0 = Debug|Any CPU
		{B7DD2305-ECB0-4EE1-BFBC-951E2D833F4E}.Release|Any CPU.ActiveCfg = Release|Any CPU
		{B7DD2305-ECB0-4EE1-BFBC-951E2D833F4E}.Release|Any CPU.Build.0 = Release|Any CPU
		{8BA78884-D5B6-4C01-96B5-76FE95267752}.Debug|Any CPU.ActiveCfg = Debug|Any CPU
		{8BA78884-D5B6-4C01-96B5-76FE95267752}.Debug|Any CPU.Build.0 = Debug|Any CPU
		{8BA78884-D5B6-4C01-96B5-76FE95267752}.Release|Any CPU.ActiveCfg = Release|Any CPU
		{8BA78884-D5B6-4C01-96B5-76FE95267752}.Release|Any CPU.Build.0 = Release|Any CPU
	EndGlobalSection
EndGlobal
